{
  "version": 4,
  "terraform_version": "1.5.5",
  "serial": 36,
  "lineage": "a1fd44e7-8fc3-564c-22f7-1ae357480a63",
  "outputs": {},
  "resources": [
    {
      "module": "module.api-gateway",
      "mode": "data",
      "type": "aws_lambda_function",
      "name": "catcounter_lambda_func",
      "provider": "provider[\"registry.terraform.io/hashicorp/aws\"]",
      "instances": [
        {
          "schema_version": 0,
          "attributes": {
            "architectures": [
              "x86_64"
            ],
            "arn": "arn:aws:lambda:eu-west-2:765465445382:function:catcounter-api",
            "code_signing_config_arn": "",
            "dead_letter_config": [],
            "description": "",
            "environment": [],
            "ephemeral_storage": [
              {
                "size": 512
              }
            ],
            "file_system_config": [],
            "function_name": "catcounter-api",
            "handler": "server.handler",
            "id": "catcounter-api",
            "image_uri": "",
            "invoke_arn": "arn:aws:apigateway:eu-west-2:lambda:path/2015-03-31/functions/arn:aws:lambda:eu-west-2:765465445382:function:catcounter-api/invocations",
            "kms_key_arn": "",
            "last_modified": "2024-04-01T18:40:45.000+0000",
            "layers": [],
            "logging_config": [
              {
                "application_log_level": "",
                "log_format": "Text",
                "log_group": "/aws/lambda/catcounter-api",
                "system_log_level": ""
              }
            ],
            "memory_size": 128,
            "qualified_arn": "arn:aws:lambda:eu-west-2:765465445382:function:catcounter-api:1",
            "qualified_invoke_arn": "arn:aws:apigateway:eu-west-2:lambda:path/2015-03-31/functions/arn:aws:lambda:eu-west-2:765465445382:function:catcounter-api:1/invocations",
            "qualifier": null,
            "reserved_concurrent_executions": -1,
            "role": "arn:aws:iam::765465445382:role/serverless_lambda",
            "runtime": "nodejs18.x",
            "signing_job_arn": "",
            "signing_profile_version_arn": "",
            "source_code_hash": "fGeoVf8qAUJFb/lbRC5VX4lLuZnP9Tn5BVX+OoWAMbY=",
            "source_code_size": 11185116,
            "tags": {},
            "timeout": 3,
            "tracing_config": [
              {
                "mode": "PassThrough"
              }
            ],
            "version": "1",
            "vpc_config": []
          },
          "sensitive_attributes": []
        }
      ]
    },
    {
      "module": "module.api-gateway",
      "mode": "managed",
      "type": "aws_apigatewayv2_api",
      "name": "lambda",
      "provider": "provider[\"registry.terraform.io/hashicorp/aws\"]",
      "instances": [
        {
          "schema_version": 0,
          "attributes": {
            "api_endpoint": "https://jgt9kjr373.execute-api.eu-west-2.amazonaws.com",
            "api_key_selection_expression": "$request.header.x-api-key",
            "arn": "arn:aws:apigateway:eu-west-2::/apis/jgt9kjr373",
            "body": null,
            "cors_configuration": [],
            "credentials_arn": null,
            "description": "",
            "disable_execute_api_endpoint": false,
            "execution_arn": "arn:aws:execute-api:eu-west-2:765465445382:jgt9kjr373",
            "fail_on_warnings": null,
            "id": "jgt9kjr373",
            "name": "catcounter-gateway",
            "protocol_type": "HTTP",
            "route_key": null,
            "route_selection_expression": "$request.method $request.path",
            "tags": {},
            "tags_all": {},
            "target": null,
            "version": ""
          },
          "sensitive_attributes": [],
          "private": "bnVsbA==",
          "dependencies": [
            "module.lambda.aws_cloudwatch_log_group.catcounter_lambda_log_group",
            "module.lambda.aws_iam_role.lambda_exec",
            "module.lambda.aws_iam_role_policy_attachment.lambda_dynamoroles",
            "module.lambda.aws_iam_role_policy_attachment.lambda_policy",
            "module.lambda.aws_lambda_function.catcounter_lambda_func",
            "module.lambda.data.aws_s3_bucket.storage_bucket",
            "module.storage.aws_s3_bucket.lambda_bucket",
            "module.storage.aws_s3_bucket_acl.lambda_bucket_acl",
            "module.storage.aws_s3_bucket_ownership_controls.lambda_bucket",
            "module.storage.aws_s3_object.catcounter-lambda",
            "module.storage.data.archive_file.lambda_archive"
          ]
        }
      ]
    },
    {
      "module": "module.api-gateway",
      "mode": "managed",
      "type": "aws_apigatewayv2_integration",
      "name": "catcounter_gateway",
      "provider": "provider[\"registry.terraform.io/hashicorp/aws\"]",
      "instances": [
        {
          "schema_version": 0,
          "attributes": {
            "api_id": "jgt9kjr373",
            "connection_id": "",
            "connection_type": "INTERNET",
            "content_handling_strategy": "",
            "credentials_arn": "",
            "description": "",
            "id": "in2c1p4",
            "integration_method": "POST",
            "integration_response_selection_expression": "",
            "integration_subtype": "",
            "integration_type": "AWS_PROXY",
            "integration_uri": "arn:aws:apigateway:eu-west-2:lambda:path/2015-03-31/functions/arn:aws:lambda:eu-west-2:765465445382:function:catcounter-api/invocations",
            "passthrough_behavior": "",
            "payload_format_version": "1.0",
            "request_parameters": {},
            "request_templates": {},
            "response_parameters": [],
            "template_selection_expression": "",
            "timeout_milliseconds": 30000,
            "tls_config": []
          },
          "sensitive_attributes": [],
          "private": "bnVsbA==",
          "dependencies": [
            "module.api-gateway.aws_apigatewayv2_api.lambda",
            "module.api-gateway.data.aws_lambda_function.catcounter_lambda_func",
            "module.lambda.aws_cloudwatch_log_group.catcounter_lambda_log_group",
            "module.lambda.aws_iam_role.lambda_exec",
            "module.lambda.aws_iam_role_policy_attachment.lambda_dynamoroles",
            "module.lambda.aws_iam_role_policy_attachment.lambda_policy",
            "module.lambda.aws_lambda_function.catcounter_lambda_func",
            "module.lambda.data.aws_s3_bucket.storage_bucket",
            "module.storage.aws_s3_bucket.lambda_bucket",
            "module.storage.aws_s3_bucket_acl.lambda_bucket_acl",
            "module.storage.aws_s3_bucket_ownership_controls.lambda_bucket",
            "module.storage.aws_s3_object.catcounter-lambda",
            "module.storage.data.archive_file.lambda_archive"
          ]
        }
      ]
    },
    {
      "module": "module.api-gateway",
      "mode": "managed",
      "type": "aws_apigatewayv2_route",
      "name": "route",
      "provider": "provider[\"registry.terraform.io/hashicorp/aws\"]",
      "instances": [
        {
          "schema_version": 0,
          "attributes": {
            "api_id": "jgt9kjr373",
            "api_key_required": false,
            "authorization_scopes": [],
            "authorization_type": "NONE",
            "authorizer_id": "",
            "id": "yhshrp7",
            "model_selection_expression": "",
            "operation_name": "",
            "request_models": {},
            "request_parameter": [],
            "route_key": "ANY /{proxy+}",
            "route_response_selection_expression": "",
            "target": "integrations/in2c1p4"
          },
          "sensitive_attributes": [],
          "private": "bnVsbA==",
          "dependencies": [
            "module.api-gateway.aws_apigatewayv2_api.lambda",
            "module.api-gateway.aws_apigatewayv2_integration.catcounter_gateway",
            "module.api-gateway.data.aws_lambda_function.catcounter_lambda_func",
            "module.lambda.aws_cloudwatch_log_group.catcounter_lambda_log_group",
            "module.lambda.aws_iam_role.lambda_exec",
            "module.lambda.aws_iam_role_policy_attachment.lambda_dynamoroles",
            "module.lambda.aws_iam_role_policy_attachment.lambda_policy",
            "module.lambda.aws_lambda_function.catcounter_lambda_func",
            "module.lambda.data.aws_s3_bucket.storage_bucket",
            "module.storage.aws_s3_bucket.lambda_bucket",
            "module.storage.aws_s3_bucket_acl.lambda_bucket_acl",
            "module.storage.aws_s3_bucket_ownership_controls.lambda_bucket",
            "module.storage.aws_s3_object.catcounter-lambda",
            "module.storage.data.archive_file.lambda_archive"
          ]
        }
      ]
    },
    {
      "module": "module.api-gateway",
      "mode": "managed",
      "type": "aws_apigatewayv2_stage",
      "name": "lambda",
      "provider": "provider[\"registry.terraform.io/hashicorp/aws\"]",
      "instances": [
        {
          "schema_version": 0,
          "attributes": {
            "access_log_settings": [],
            "api_id": "jgt9kjr373",
            "arn": "arn:aws:apigateway:eu-west-2::/apis/jgt9kjr373/stages/$default",
            "auto_deploy": true,
            "client_certificate_id": "",
            "default_route_settings": [
              {
                "data_trace_enabled": false,
                "detailed_metrics_enabled": false,
                "logging_level": "",
                "throttling_burst_limit": 0,
                "throttling_rate_limit": 0
              }
            ],
            "deployment_id": "xrycfn",
            "description": "",
            "execution_arn": "arn:aws:execute-api:eu-west-2:765465445382:jgt9kjr373/$default",
            "id": "$default",
            "invoke_url": "https://jgt9kjr373.execute-api.eu-west-2.amazonaws.com/",
            "name": "$default",
            "route_settings": [],
            "stage_variables": {},
            "tags": {},
            "tags_all": {}
          },
          "sensitive_attributes": [],
          "private": "bnVsbA==",
          "dependencies": [
            "module.api-gateway.aws_apigatewayv2_api.lambda",
            "module.lambda.aws_cloudwatch_log_group.catcounter_lambda_log_group",
            "module.lambda.aws_iam_role.lambda_exec",
            "module.lambda.aws_iam_role_policy_attachment.lambda_dynamoroles",
            "module.lambda.aws_iam_role_policy_attachment.lambda_policy",
            "module.lambda.aws_lambda_function.catcounter_lambda_func",
            "module.lambda.data.aws_s3_bucket.storage_bucket",
            "module.storage.aws_s3_bucket.lambda_bucket",
            "module.storage.aws_s3_bucket_acl.lambda_bucket_acl",
            "module.storage.aws_s3_bucket_ownership_controls.lambda_bucket",
            "module.storage.aws_s3_object.catcounter-lambda",
            "module.storage.data.archive_file.lambda_archive"
          ]
        }
      ]
    },
    {
      "module": "module.api-gateway",
      "mode": "managed",
      "type": "aws_cloudwatch_log_group",
      "name": "api_gw",
      "provider": "provider[\"registry.terraform.io/hashicorp/aws\"]",
      "instances": [
        {
          "schema_version": 0,
          "attributes": {
            "arn": "arn:aws:logs:eu-west-2:765465445382:log-group:/aws/api_gw/catcounter-gateway",
            "id": "/aws/api_gw/catcounter-gateway",
            "kms_key_id": "",
            "log_group_class": "STANDARD",
            "name": "/aws/api_gw/catcounter-gateway",
            "name_prefix": "",
            "retention_in_days": 30,
            "skip_destroy": false,
            "tags": {},
            "tags_all": {}
          },
          "sensitive_attributes": [],
          "private": "bnVsbA==",
          "dependencies": [
            "module.api-gateway.aws_apigatewayv2_api.lambda",
            "module.lambda.aws_cloudwatch_log_group.catcounter_lambda_log_group",
            "module.lambda.aws_iam_role.lambda_exec",
            "module.lambda.aws_iam_role_policy_attachment.lambda_dynamoroles",
            "module.lambda.aws_iam_role_policy_attachment.lambda_policy",
            "module.lambda.aws_lambda_function.catcounter_lambda_func",
            "module.lambda.data.aws_s3_bucket.storage_bucket",
            "module.storage.aws_s3_bucket.lambda_bucket",
            "module.storage.aws_s3_bucket_acl.lambda_bucket_acl",
            "module.storage.aws_s3_bucket_ownership_controls.lambda_bucket",
            "module.storage.aws_s3_object.catcounter-lambda",
            "module.storage.data.archive_file.lambda_archive"
          ]
        }
      ]
    },
    {
      "module": "module.api-gateway",
      "mode": "managed",
      "type": "aws_lambda_permission",
      "name": "api_gw",
      "provider": "provider[\"registry.terraform.io/hashicorp/aws\"]",
      "instances": [
        {
          "schema_version": 0,
          "attributes": {
            "action": "lambda:InvokeFunction",
            "event_source_token": null,
            "function_name": "catcounter-api",
            "function_url_auth_type": null,
            "id": "AllowExecutionFromAPIGateway",
            "principal": "apigateway.amazonaws.com",
            "principal_org_id": null,
            "qualifier": "",
            "source_account": null,
            "source_arn": "arn:aws:execute-api:eu-west-2:765465445382:jgt9kjr373/*/*",
            "statement_id": "AllowExecutionFromAPIGateway",
            "statement_id_prefix": ""
          },
          "sensitive_attributes": [],
          "private": "bnVsbA==",
          "dependencies": [
            "module.api-gateway.aws_apigatewayv2_api.lambda",
            "module.api-gateway.data.aws_lambda_function.catcounter_lambda_func",
            "module.lambda.aws_cloudwatch_log_group.catcounter_lambda_log_group",
            "module.lambda.aws_iam_role.lambda_exec",
            "module.lambda.aws_iam_role_policy_attachment.lambda_dynamoroles",
            "module.lambda.aws_iam_role_policy_attachment.lambda_policy",
            "module.lambda.aws_lambda_function.catcounter_lambda_func",
            "module.lambda.data.aws_s3_bucket.storage_bucket",
            "module.storage.aws_s3_bucket.lambda_bucket",
            "module.storage.aws_s3_bucket_acl.lambda_bucket_acl",
            "module.storage.aws_s3_bucket_ownership_controls.lambda_bucket",
            "module.storage.aws_s3_object.catcounter-lambda",
            "module.storage.data.archive_file.lambda_archive"
          ]
        }
      ]
    },
    {
      "module": "module.dynamo",
      "mode": "managed",
      "type": "aws_dynamodb_table",
      "name": "counter",
      "provider": "provider[\"registry.terraform.io/hashicorp/aws\"]",
      "instances": [
        {
          "schema_version": 1,
          "attributes": {
            "arn": "arn:aws:dynamodb:eu-west-2:765465445382:table/counter",
            "attribute": [
              {
                "name": "param",
                "type": "S"
              }
            ],
            "billing_mode": "PAY_PER_REQUEST",
            "deletion_protection_enabled": false,
            "global_secondary_index": [],
            "hash_key": "param",
            "id": "counter",
            "import_table": [],
            "local_secondary_index": [],
            "name": "counter",
            "point_in_time_recovery": [
              {
                "enabled": false
              }
            ],
            "range_key": null,
            "read_capacity": 0,
            "replica": [],
            "restore_date_time": null,
            "restore_source_name": null,
            "restore_to_latest_time": null,
            "server_side_encryption": [],
            "stream_arn": "",
            "stream_enabled": false,
            "stream_label": "",
            "stream_view_type": "",
            "table_class": "STANDARD",
            "tags": {
              "Name": "db"
            },
            "tags_all": {
              "Name": "db"
            },
            "timeouts": null,
            "ttl": [
              {
                "attribute_name": "",
                "enabled": false
              }
            ],
            "write_capacity": 0
          },
          "sensitive_attributes": [],
          "private": "eyJlMmJmYjczMC1lY2FhLTExZTYtOGY4OC0zNDM2M2JjN2M0YzAiOnsiY3JlYXRlIjoxODAwMDAwMDAwMDAwLCJkZWxldGUiOjYwMDAwMDAwMDAwMCwidXBkYXRlIjozNjAwMDAwMDAwMDAwfSwic2NoZW1hX3ZlcnNpb24iOiIxIn0="
        }
      ]
    },
    {
      "module": "module.lambda",
      "mode": "data",
      "type": "aws_s3_bucket",
      "name": "storage_bucket",
      "provider": "provider[\"registry.terraform.io/hashicorp/aws\"]",
      "instances": [
        {
          "schema_version": 0,
          "attributes": {
            "arn": "arn:aws:s3:::catcounter-bucket",
            "bucket": "catcounter-bucket",
            "bucket_domain_name": "catcounter-bucket.s3.amazonaws.com",
            "bucket_regional_domain_name": "catcounter-bucket.s3.eu-west-2.amazonaws.com",
            "hosted_zone_id": "Z3GKZC51ZF0DB4",
            "id": "catcounter-bucket",
            "region": "eu-west-2",
            "website_domain": null,
            "website_endpoint": null
          },
          "sensitive_attributes": []
        }
      ]
    },
    {
      "module": "module.lambda",
      "mode": "managed",
      "type": "aws_cloudwatch_log_group",
      "name": "catcounter_lambda_log_group",
      "provider": "provider[\"registry.terraform.io/hashicorp/aws\"]",
      "instances": [
        {
          "schema_version": 0,
          "attributes": {
            "arn": "arn:aws:logs:eu-west-2:765465445382:log-group:/aws/lambda/catcounter-api",
            "id": "/aws/lambda/catcounter-api",
            "kms_key_id": "",
            "log_group_class": "STANDARD",
            "name": "/aws/lambda/catcounter-api",
            "name_prefix": "",
            "retention_in_days": 30,
            "skip_destroy": false,
            "tags": {},
            "tags_all": {}
          },
          "sensitive_attributes": [],
          "private": "bnVsbA==",
          "dependencies": [
            "module.lambda.aws_iam_role.lambda_exec",
            "module.lambda.aws_lambda_function.catcounter_lambda_func",
            "module.lambda.data.aws_s3_bucket.storage_bucket",
            "module.storage.aws_s3_bucket.lambda_bucket",
            "module.storage.aws_s3_bucket_acl.lambda_bucket_acl",
            "module.storage.aws_s3_bucket_ownership_controls.lambda_bucket",
            "module.storage.aws_s3_object.catcounter-lambda",
            "module.storage.data.archive_file.lambda_archive"
          ]
        }
      ]
    },
    {
      "module": "module.lambda",
      "mode": "managed",
      "type": "aws_iam_role",
      "name": "lambda_exec",
      "provider": "provider[\"registry.terraform.io/hashicorp/aws\"]",
      "instances": [
        {
          "schema_version": 0,
          "attributes": {
            "arn": "arn:aws:iam::765465445382:role/serverless_lambda",
            "assume_role_policy": "{\"Statement\":[{\"Action\":\"sts:AssumeRole\",\"Effect\":\"Allow\",\"Principal\":{\"Service\":\"lambda.amazonaws.com\"},\"Sid\":\"\"}],\"Version\":\"2012-10-17\"}",
            "create_date": "2024-04-01T18:29:16Z",
            "description": "",
            "force_detach_policies": false,
            "id": "serverless_lambda",
            "inline_policy": [],
            "managed_policy_arns": [
              "arn:aws:iam::aws:policy/service-role/AWSLambdaBasicExecutionRole"
            ],
            "max_session_duration": 3600,
            "name": "serverless_lambda",
            "name_prefix": "",
            "path": "/",
            "permissions_boundary": "",
            "tags": {},
            "tags_all": {},
            "unique_id": "AROA3EOKLYQDNSHTN5NZW"
          },
          "sensitive_attributes": [],
          "private": "bnVsbA==",
          "dependencies": [
            "module.storage.aws_s3_bucket.lambda_bucket",
            "module.storage.aws_s3_bucket_acl.lambda_bucket_acl",
            "module.storage.aws_s3_bucket_ownership_controls.lambda_bucket",
            "module.storage.aws_s3_object.catcounter-lambda",
            "module.storage.data.archive_file.lambda_archive"
          ]
        }
      ]
    },
    {
      "module": "module.lambda",
      "mode": "managed",
      "type": "aws_iam_role_policy_attachment",
      "name": "lambda_dynamoroles",
      "provider": "provider[\"registry.terraform.io/hashicorp/aws\"]",
      "instances": [
        {
          "schema_version": 0,
          "attributes": {
            "id": "serverless_lambda-20240401184917207300000001",
            "policy_arn": "arn:aws:iam::aws:policy/AmazonDynamoDBFullAccess",
            "role": "serverless_lambda"
          },
          "sensitive_attributes": [],
          "private": "bnVsbA==",
          "dependencies": [
            "module.lambda.aws_iam_role.lambda_exec",
            "module.storage.aws_s3_bucket.lambda_bucket",
            "module.storage.aws_s3_bucket_acl.lambda_bucket_acl",
            "module.storage.aws_s3_bucket_ownership_controls.lambda_bucket",
            "module.storage.aws_s3_object.catcounter-lambda",
            "module.storage.data.archive_file.lambda_archive"
          ]
        }
      ]
    },
    {
      "module": "module.lambda",
      "mode": "managed",
      "type": "aws_iam_role_policy_attachment",
      "name": "lambda_policy",
      "provider": "provider[\"registry.terraform.io/hashicorp/aws\"]",
      "instances": [
        {
          "schema_version": 0,
          "attributes": {
            "id": "serverless_lambda-20240401182917159300000001",
            "policy_arn": "arn:aws:iam::aws:policy/service-role/AWSLambdaBasicExecutionRole",
            "role": "serverless_lambda"
          },
          "sensitive_attributes": [],
          "private": "bnVsbA==",
          "dependencies": [
            "module.lambda.aws_iam_role.lambda_exec",
            "module.storage.aws_s3_bucket.lambda_bucket",
            "module.storage.aws_s3_bucket_acl.lambda_bucket_acl",
            "module.storage.aws_s3_bucket_ownership_controls.lambda_bucket",
            "module.storage.aws_s3_object.catcounter-lambda",
            "module.storage.data.archive_file.lambda_archive"
          ]
        }
      ]
    },
    {
      "module": "module.lambda",
      "mode": "managed",
      "type": "aws_lambda_function",
      "name": "catcounter_lambda_func",
      "provider": "provider[\"registry.terraform.io/hashicorp/aws\"]",
      "instances": [
        {
          "schema_version": 0,
          "attributes": {
            "architectures": [
              "x86_64"
            ],
            "arn": "arn:aws:lambda:eu-west-2:765465445382:function:catcounter-api",
            "code_signing_config_arn": "",
            "dead_letter_config": [],
            "description": "",
            "environment": [],
            "ephemeral_storage": [
              {
                "size": 512
              }
            ],
            "file_system_config": [],
            "filename": null,
            "function_name": "catcounter-api",
            "handler": "server.handler",
            "id": "catcounter-api",
            "image_config": [],
            "image_uri": "",
            "invoke_arn": "arn:aws:apigateway:eu-west-2:lambda:path/2015-03-31/functions/arn:aws:lambda:eu-west-2:765465445382:function:catcounter-api/invocations",
            "kms_key_arn": "",
            "last_modified": "2024-04-01T18:40:45.000+0000",
            "layers": [],
            "logging_config": [
              {
                "application_log_level": "",
                "log_format": "Text",
                "log_group": "/aws/lambda/catcounter-api",
                "system_log_level": ""
              }
            ],
            "memory_size": 128,
            "package_type": "Zip",
            "publish": false,
            "qualified_arn": "arn:aws:lambda:eu-west-2:765465445382:function:catcounter-api:1",
            "qualified_invoke_arn": "arn:aws:apigateway:eu-west-2:lambda:path/2015-03-31/functions/arn:aws:lambda:eu-west-2:765465445382:function:catcounter-api:1/invocations",
            "replace_security_groups_on_destroy": null,
            "replacement_security_group_ids": null,
            "reserved_concurrent_executions": -1,
            "role": "arn:aws:iam::765465445382:role/serverless_lambda",
            "runtime": "nodejs18.x",
            "s3_bucket": "catcounter-bucket",
            "s3_key": "api.zip",
            "s3_object_version": null,
            "signing_job_arn": "",
            "signing_profile_version_arn": "",
            "skip_destroy": false,
            "snap_start": [],
            "source_code_hash": "fGeoVf8qAUJFb/lbRC5VX4lLuZnP9Tn5BVX+OoWAMbY=",
            "source_code_size": 11185116,
            "tags": {},
            "tags_all": {},
            "timeout": 3,
            "timeouts": null,
            "tracing_config": [
              {
                "mode": "PassThrough"
              }
            ],
            "version": "1",
            "vpc_config": []
          },
          "sensitive_attributes": [],
          "private": "eyJlMmJmYjczMC1lY2FhLTExZTYtOGY4OC0zNDM2M2JjN2M0YzAiOnsiY3JlYXRlIjo2MDAwMDAwMDAwMDAsImRlbGV0ZSI6NjAwMDAwMDAwMDAwLCJ1cGRhdGUiOjYwMDAwMDAwMDAwMH19",
          "dependencies": [
            "module.lambda.aws_iam_role.lambda_exec",
            "module.lambda.data.aws_s3_bucket.storage_bucket",
            "module.storage.aws_s3_bucket.lambda_bucket",
            "module.storage.aws_s3_bucket_acl.lambda_bucket_acl",
            "module.storage.aws_s3_bucket_ownership_controls.lambda_bucket",
            "module.storage.aws_s3_object.catcounter-lambda",
            "module.storage.data.archive_file.lambda_archive"
          ]
        }
      ]
    },
    {
      "module": "module.storage",
      "mode": "data",
      "type": "archive_file",
      "name": "lambda_archive",
      "provider": "provider[\"registry.terraform.io/hashicorp/archive\"]",
      "instances": [
        {
          "schema_version": 0,
          "attributes": {
            "exclude_symlink_directories": null,
            "excludes": null,
            "id": "75335aee1b3ec54eb895a47fb78d24f4a32feb7d",
            "output_base64sha256": "qbuzJ8IaA3KLZ6gL8pCOg93zgurUL7O4OxKwXHi4AHE=",
            "output_base64sha512": "s5gxVt6qBgRAl7bnDN3Xu9FHB5WpfigF6YmvnxEwln/CUgmfM+Mp1ndNRFeTujuCeZRBMD16DB65kkxZfkMUDw==",
            "output_file_mode": null,
            "output_md5": "a3bc6e51891a72eac0d6fda623917537",
            "output_path": "s3/../../../api/build/api.zip",
            "output_sha": "75335aee1b3ec54eb895a47fb78d24f4a32feb7d",
            "output_sha256": "a9bbb327c21a03728b67a80bf2908e83ddf382ead42fb3b83b12b05c78b80071",
            "output_sha512": "b3983156deaa06044097b6e70cddd7bbd1470795a97e2805e989af9f1130967fc252099f33e329d6774d445793ba3b82799441303d7a0c1eb9924c597e43140f",
            "output_size": 11223588,
            "source": [],
            "source_content": null,
            "source_content_filename": null,
            "source_dir": "s3/../../../api/build",
            "source_file": null,
            "type": "zip"
          },
          "sensitive_attributes": []
        }
      ]
    },
    {
      "module": "module.storage",
      "mode": "managed",
      "type": "aws_s3_bucket",
      "name": "lambda_bucket",
      "provider": "provider[\"registry.terraform.io/hashicorp/aws\"]",
      "instances": [
        {
          "schema_version": 0,
          "attributes": {
            "acceleration_status": "",
            "acl": null,
            "arn": "arn:aws:s3:::catcounter-bucket",
            "bucket": "catcounter-bucket",
            "bucket_domain_name": "catcounter-bucket.s3.amazonaws.com",
            "bucket_prefix": "",
            "bucket_regional_domain_name": "catcounter-bucket.s3.eu-west-2.amazonaws.com",
            "cors_rule": [],
            "force_destroy": false,
            "grant": [
              {
                "id": "55e2dc76e8855d1742a9453054d3d0183413df8a0d7e289e9beb03143f9a6202",
                "permissions": [
                  "FULL_CONTROL"
                ],
                "type": "CanonicalUser",
                "uri": ""
              }
            ],
            "hosted_zone_id": "Z3GKZC51ZF0DB4",
            "id": "catcounter-bucket",
            "lifecycle_rule": [],
            "logging": [],
            "object_lock_configuration": [],
            "object_lock_enabled": false,
            "policy": "",
            "region": "eu-west-2",
            "replication_configuration": [],
            "request_payer": "BucketOwner",
            "server_side_encryption_configuration": [
              {
                "rule": [
                  {
                    "apply_server_side_encryption_by_default": [
                      {
                        "kms_master_key_id": "",
                        "sse_algorithm": "AES256"
                      }
                    ],
                    "bucket_key_enabled": false
                  }
                ]
              }
            ],
            "tags": {},
            "tags_all": {},
            "timeouts": null,
            "versioning": [
              {
                "enabled": false,
                "mfa_delete": false
              }
            ],
            "website": [],
            "website_domain": null,
            "website_endpoint": null
          },
          "sensitive_attributes": [],
          "private": "eyJlMmJmYjczMC1lY2FhLTExZTYtOGY4OC0zNDM2M2JjN2M0YzAiOnsiY3JlYXRlIjoxMjAwMDAwMDAwMDAwLCJkZWxldGUiOjM2MDAwMDAwMDAwMDAsInJlYWQiOjEyMDAwMDAwMDAwMDAsInVwZGF0ZSI6MTIwMDAwMDAwMDAwMH19"
        }
      ]
    },
    {
      "module": "module.storage",
      "mode": "managed",
      "type": "aws_s3_bucket_acl",
      "name": "lambda_bucket_acl",
      "provider": "provider[\"registry.terraform.io/hashicorp/aws\"]",
      "instances": [
        {
          "schema_version": 0,
          "attributes": {
            "access_control_policy": [
              {
                "grant": [
                  {
                    "grantee": [
                      {
                        "display_name": "",
                        "email_address": "",
                        "id": "55e2dc76e8855d1742a9453054d3d0183413df8a0d7e289e9beb03143f9a6202",
                        "type": "CanonicalUser",
                        "uri": ""
                      }
                    ],
                    "permission": "FULL_CONTROL"
                  }
                ],
                "owner": [
                  {
                    "display_name": "",
                    "id": "55e2dc76e8855d1742a9453054d3d0183413df8a0d7e289e9beb03143f9a6202"
                  }
                ]
              }
            ],
            "acl": "private",
            "bucket": "catcounter-bucket",
            "expected_bucket_owner": "",
            "id": "catcounter-bucket,private"
          },
          "sensitive_attributes": [],
          "private": "bnVsbA==",
          "dependencies": [
            "module.storage.aws_s3_bucket.lambda_bucket",
            "module.storage.aws_s3_bucket_ownership_controls.lambda_bucket"
          ]
        }
      ]
    },
    {
      "module": "module.storage",
      "mode": "managed",
      "type": "aws_s3_bucket_ownership_controls",
      "name": "lambda_bucket",
      "provider": "provider[\"registry.terraform.io/hashicorp/aws\"]",
      "instances": [
        {
          "schema_version": 0,
          "attributes": {
            "bucket": "catcounter-bucket",
            "id": "catcounter-bucket",
            "rule": [
              {
                "object_ownership": "BucketOwnerPreferred"
              }
            ]
          },
          "sensitive_attributes": [],
          "private": "bnVsbA==",
          "dependencies": [
            "module.storage.aws_s3_bucket.lambda_bucket"
          ]
        }
      ]
    },
    {
      "module": "module.storage",
      "mode": "managed",
      "type": "aws_s3_object",
      "name": "catcounter-lambda",
      "provider": "provider[\"registry.terraform.io/hashicorp/aws\"]",
      "instances": [
        {
          "schema_version": 0,
          "attributes": {
            "acl": null,
            "arn": "arn:aws:s3:::catcounter-bucket/api.zip",
            "bucket": "catcounter-bucket",
            "bucket_key_enabled": false,
            "cache_control": "",
            "checksum_algorithm": null,
            "checksum_crc32": "",
            "checksum_crc32c": "",
            "checksum_sha1": "",
            "checksum_sha256": "",
            "content": null,
            "content_base64": null,
            "content_disposition": "",
            "content_encoding": "",
            "content_language": "",
            "content_type": "binary/octet-stream",
            "etag": "edd12b0097a6bcb929bd548a2c654b68-3",
            "force_destroy": false,
            "id": "api.zip",
            "key": "api.zip",
            "kms_key_id": null,
            "metadata": {},
            "object_lock_legal_hold_status": "",
            "object_lock_mode": "",
            "object_lock_retain_until_date": "",
            "override_provider": [],
            "server_side_encryption": "AES256",
            "source": "s3/../../../api/build/api.zip",
            "source_hash": null,
            "storage_class": "STANDARD",
            "tags": {},
            "tags_all": {},
            "version_id": "",
            "website_redirect": ""
          },
          "sensitive_attributes": [],
          "private": "bnVsbA==",
          "dependencies": [
            "module.storage.aws_s3_bucket.lambda_bucket",
            "module.storage.data.archive_file.lambda_archive"
          ]
        }
      ]
    }
  ],
  "check_results": null
}
