{
  "version": 4,
  "terraform_version": "1.5.5",
  "serial": 18,
  "lineage": "14816359-168e-0924-2ac1-df7e15aa88ea",
  "outputs": {},
  "resources": [
    {
      "module": "module.s3",
      "mode": "managed",
      "type": "aws_s3_bucket",
      "name": "website_bucket",
      "provider": "provider[\"registry.terraform.io/hashicorp/aws\"]",
      "instances": [
        {
          "schema_version": 0,
          "attributes": {
            "acceleration_status": "",
            "acl": null,
            "arn": "arn:aws:s3:::cat-counter-fe",
            "bucket": "cat-counter-fe",
            "bucket_domain_name": "cat-counter-fe.s3.amazonaws.com",
            "bucket_prefix": "",
            "bucket_regional_domain_name": "cat-counter-fe.s3.eu-west-2.amazonaws.com",
            "cors_rule": [],
            "force_destroy": false,
            "grant": [
              {
                "id": "55e2dc76e8855d1742a9453054d3d0183413df8a0d7e289e9beb03143f9a6202",
                "permissions": [
                  "FULL_CONTROL"
                ],
                "type": "CanonicalUser",
                "uri": ""
              }
            ],
            "hosted_zone_id": "Z3GKZC51ZF0DB4",
            "id": "cat-counter-fe",
            "lifecycle_rule": [],
            "logging": [],
            "object_lock_configuration": [],
            "object_lock_enabled": false,
            "policy": "{\"Statement\":[{\"Action\":\"s3:GetObject\",\"Effect\":\"Allow\",\"Principal\":\"*\",\"Resource\":[\"arn:aws:s3:::cat-counter-fe\",\"arn:aws:s3:::cat-counter-fe/*\"],\"Sid\":\"PublicReadGetObject\"}],\"Version\":\"2012-10-17\"}",
            "region": "eu-west-2",
            "replication_configuration": [],
            "request_payer": "BucketOwner",
            "server_side_encryption_configuration": [
              {
                "rule": [
                  {
                    "apply_server_side_encryption_by_default": [
                      {
                        "kms_master_key_id": "",
                        "sse_algorithm": "AES256"
                      }
                    ],
                    "bucket_key_enabled": false
                  }
                ]
              }
            ],
            "tags": {},
            "tags_all": {},
            "timeouts": null,
            "versioning": [
              {
                "enabled": false,
                "mfa_delete": false
              }
            ],
            "website": [
              {
                "error_document": "",
                "index_document": "index.html",
                "redirect_all_requests_to": "",
                "routing_rules": ""
              }
            ],
            "website_domain": "s3-website.eu-west-2.amazonaws.com",
            "website_endpoint": "cat-counter-fe.s3-website.eu-west-2.amazonaws.com"
          },
          "sensitive_attributes": [],
          "private": "eyJlMmJmYjczMC1lY2FhLTExZTYtOGY4OC0zNDM2M2JjN2M0YzAiOnsiY3JlYXRlIjoxMjAwMDAwMDAwMDAwLCJkZWxldGUiOjM2MDAwMDAwMDAwMDAsInJlYWQiOjEyMDAwMDAwMDAwMDAsInVwZGF0ZSI6MTIwMDAwMDAwMDAwMH19"
        }
      ]
    },
    {
      "module": "module.s3",
      "mode": "managed",
      "type": "aws_s3_bucket_ownership_controls",
      "name": "website_ownership",
      "provider": "provider[\"registry.terraform.io/hashicorp/aws\"]",
      "instances": [
        {
          "schema_version": 0,
          "attributes": {
            "bucket": "cat-counter-fe",
            "id": "cat-counter-fe",
            "rule": [
              {
                "object_ownership": "BucketOwnerPreferred"
              }
            ]
          },
          "sensitive_attributes": [],
          "private": "bnVsbA==",
          "dependencies": [
            "module.s3.aws_s3_bucket.website_bucket"
          ]
        }
      ]
    },
    {
      "module": "module.s3",
      "mode": "managed",
      "type": "aws_s3_bucket_public_access_block",
      "name": "website_bucket_access_block",
      "provider": "provider[\"registry.terraform.io/hashicorp/aws\"]",
      "instances": [
        {
          "schema_version": 0,
          "attributes": {
            "block_public_acls": true,
            "block_public_policy": true,
            "bucket": "cat-counter-fe",
            "id": "cat-counter-fe",
            "ignore_public_acls": true,
            "restrict_public_buckets": true
          },
          "sensitive_attributes": [],
          "private": "bnVsbA==",
          "dependencies": [
            "module.s3.aws_s3_bucket.website_bucket"
          ]
        }
      ]
    },
    {
      "module": "module.s3",
      "mode": "managed",
      "type": "aws_s3_bucket_website_configuration",
      "name": "website_bucket_config",
      "provider": "provider[\"registry.terraform.io/hashicorp/aws\"]",
      "instances": [
        {
          "schema_version": 0,
          "attributes": {
            "bucket": "cat-counter-fe",
            "error_document": [],
            "expected_bucket_owner": "",
            "id": "cat-counter-fe",
            "index_document": [
              {
                "suffix": "index.html"
              }
            ],
            "redirect_all_requests_to": [],
            "routing_rule": [],
            "routing_rules": "",
            "website_domain": "s3-website.eu-west-2.amazonaws.com",
            "website_endpoint": "cat-counter-fe.s3-website.eu-west-2.amazonaws.com"
          },
          "sensitive_attributes": [],
          "private": "bnVsbA==",
          "dependencies": [
            "module.s3.aws_s3_bucket.website_bucket"
          ]
        }
      ]
    }
  ],
  "check_results": null
}
